github.com/disintegration/gift v1.1.2 h1:9ZyHJr+kPamiH10FX3Pynt1AxFUob812bU9Wt4GMzhs=
github.com/disintegration/gift v1.1.2/go.mod h1:Jh2i7f7Q2BM7Ezno3PhfezbR1xpUg9dUg3/RlKGr4HI=
github.com/gopherjs/gopherjs v0.0.0-20200217142428-fce0ec30dd00 h1:l5lAOZEym3oK3SQ2HBHWsJUfbNBiTXJDeW2QDxw9AQ0=
github.com/gopherjs/gopherjs v0.0.0-20200217142428-fce0ec30dd00/go.mod h1:wJfORRmW1u3UXTncJ5qlYoELFm8eSnnEO6hX4iZ3EWY=
github.com/pkg/errors v0.9.1 h1:FEBLx1zS214owpjy7qsBeixbURkuhQAwrK5UwLGTwt4=
github.com/pkg/errors v0.9.1/go.mod h1:bwawxfHBFNV+L2hUp1rHADufV3IMtnDRdf1r5NINEl0=
github.com/pwaller/go-hexcolor v0.0.0-20121021114049-b060ed67e05f h1:zEt50ZMQt7JuvxUBUpxQFLKWr8m+qPLTljZbuGUVvjk=
github.com/pwaller/go-hexcolor v0.0.0-20121021114049-b060ed67e05f/go.mod h1:wtiaPkaLLyHegdTvDC3JsBQEgr8XJyrNRlZNUHqOYYs=
golang.org/x/image v0.0.0-20171214225156-12117c17ca67 h1:L8S612DBEq9tpLTxczHuhrf5il+KEdSha8b5A5njQMc=
golang.org/x/image v0.0.0-20171214225156-12117c17ca67/go.mod h1:ux5Hcp/YLpHSI86hEcLt0YII63i6oz57MZXIpbrjZUs=
honnef.co/go/js/dom v0.0.0-20190526011328-ebc4cf92d81f h1:b3Q9PqH+5NYHfIjNUEN+f8lYvBh9A25AX+kPh8dpYmc=
honnef.co/go/js/dom v0.0.0-20190526011328-ebc4cf92d81f/go.mod h1:sUMDUKNB2ZcVjt92UnLy3cdGs+wDAcrPdV3JP6sVgA4=
